
Microsoft Visual Studio Solution File, Format Version 12.00
# Visual Studio 2012
Project("{8BC9CEB8-8B4A-11D0-8D11-00A0C91BC942}") = "Hello_World", "Hello_World\Hello_World.vcxproj", "{17DF3396-C187-42FE-9D29-547C9DF4270F}"
EndProject
Global
	GlobalSection(SolutionConfigurationPlatforms) = preSolution
		Debug|Win32 = Debug|Win32
		Release|Win32 = Release|Win32
	EndGlobalSection
	GlobalSection(ProjectConfigurationPlatforms) = postSolution
		{17DF3396-C187-42FE-9D29-547C9DF4270F}.Debug|Win32.ActiveCfg = Debug|Win32
		{17DF3396-C187-42FE-9D29-547C9DF4270F}.Debug|Win32.Build.0 = Debug|Win32
		{17DF3396-C187-42FE-9D29-547C9DF4270F}.Release|Win32.ActiveCfg = Release|Win32
		{17DF3396-C187-42FE-9D29-547C9DF4270F}.Release|Win32.Build.0 = Release|Win32
	EndGlobalSection
	GlobalSection(SolutionProperties) = preSolution
		HideSolutionNode = FALSE
	EndGlobalSection
EndGlobal
